
Microsoft Visual Studio Solution File, Format Version 12.00
# Visual Studio Version 17
VisualStudioVersion = 17.5.33502.453
MinimumVisualStudioVersion = 10.0.40219.1
Project("{FAE04EC0-301F-11D3-BF4B-00C04F79EFBC}") = "ActivityService", "ActivityService.csproj", "{9275D756-D576-49FA-BBEB-DD75F23AC932}"
EndProject
Global
	GlobalSection(SolutionConfigurationPlatforms) = preSolution
		Debug|Any CPU = Debug|Any CPU
		Release|Any CPU = Release|Any CPU
	EndGlobalSection
	GlobalSection(ProjectConfigurationPlatforms) = postSolution
		{9275D756-D576-49FA-BBEB-DD75F23AC932}.Debug|Any CPU.ActiveCfg = Debug|Any CPU
		{9275D756-D576-49FA-BBEB-DD75F23AC932}.Debug|Any CPU.Build.0 = Debug|Any CPU
		{9275D756-D576-49FA-BBEB-DD75F23AC932}.Release|Any CPU.ActiveCfg = Release|Any CPU
		{9275D756-D576-49FA-BBEB-DD75F23AC932}.Release|Any CPU.Build.0 = Release|Any CPU
	EndGlobalSection
	GlobalSection(SolutionProperties) = preSolution
		HideSolutionNode = FALSE
	EndGlobalSection
	GlobalSection(ExtensibilityGlobals) = postSolution
		SolutionGuid = {9723144F-D6E1-4749-B643-70B633E61C4D}
	EndGlobalSection
EndGlobal
