
Microsoft Visual Studio Solution File, Format Version 12.00
# Visual Studio Version 17
VisualStudioVersion = 17.5.33502.453
MinimumVisualStudioVersion = 10.0.40219.1
Project("{FAE04EC0-301F-11D3-BF4B-00C04F79EFBC}") = "ActivityApp", "ActivityApp.csproj", "{4BD2372F-B063-4F88-B88C-A5AD555011A0}"
EndProject
Global
	GlobalSection(SolutionConfigurationPlatforms) = preSolution
		Debug|Any CPU = Debug|Any CPU
		Release|Any CPU = Release|Any CPU
	EndGlobalSection
	GlobalSection(ProjectConfigurationPlatforms) = postSolution
		{4BD2372F-B063-4F88-B88C-A5AD555011A0}.Debug|Any CPU.ActiveCfg = Debug|Any CPU
		{4BD2372F-B063-4F88-B88C-A5AD555011A0}.Debug|Any CPU.Build.0 = Debug|Any CPU
		{4BD2372F-B063-4F88-B88C-A5AD555011A0}.Release|Any CPU.ActiveCfg = Release|Any CPU
		{4BD2372F-B063-4F88-B88C-A5AD555011A0}.Release|Any CPU.Build.0 = Release|Any CPU
	EndGlobalSection
	GlobalSection(SolutionProperties) = preSolution
		HideSolutionNode = FALSE
	EndGlobalSection
	GlobalSection(ExtensibilityGlobals) = postSolution
		SolutionGuid = {95A2A62D-0A89-4F50-9594-91362FE27EAA}
	EndGlobalSection
EndGlobal
